Microsoft Visual Studio Solution File, Format Version 12.00
# Visual Studio Version 17
VisualStudioVersion = 17.5.2.0
MinimumVisualStudioVersion = 10.0.40219.1
Project("{FAE04EC0-301F-11D3-BF4B-00C04F79EFBC}") = "native-client", "native-client\native-client.csproj", "{7412B64D-9C4D-CC63-E71B-0F2502C32F2E}"
EndProject
Global
	GlobalSection(SolutionConfigurationPlatforms) = preSolution
		Debug|Any CPU = Debug|Any CPU
		Release|Any CPU = Release|Any CPU
	EndGlobalSection
	GlobalSection(ProjectConfigurationPlatforms) = postSolution
		{7412B64D-9C4D-CC63-E71B-0F2502C32F2E}.Debug|Any CPU.ActiveCfg = Debug|Any CPU
		{7412B64D-9C4D-CC63-E71B-0F2502C32F2E}.Debug|Any CPU.Build.0 = Debug|Any CPU
		{7412B64D-9C4D-CC63-E71B-0F2502C32F2E}.Release|Any CPU.ActiveCfg = Release|Any CPU
		{7412B64D-9C4D-CC63-E71B-0F2502C32F2E}.Release|Any CPU.Build.0 = Release|Any CPU
	EndGlobalSection
	GlobalSection(SolutionProperties) = preSolution
		HideSolutionNode = FALSE
	EndGlobalSection
	GlobalSection(ExtensibilityGlobals) = postSolution
		SolutionGuid = {DBCB3B5C-882A-4612-8C67-A5BC25A67C6B}
	EndGlobalSection
EndGlobal
